
Microsoft Visual Studio Solution File, Format Version 12.00
# Visual Studio Version 17
VisualStudioVersion = 17.4.33205.214
MinimumVisualStudioVersion = 10.0.40219.1
Project("{FAE04EC0-301F-11D3-BF4B-00C04F79EFBC}") = "SistemaDeTarefasApi", "SistemaDeTarefasApi\SistemaDeTarefasApi.csproj", "{F88BEC43-DD9B-4B25-9678-AF09BA3760BE}"
EndProject
Global
	GlobalSection(SolutionConfigurationPlatforms) = preSolution
		Debug|Any CPU = Debug|Any CPU
		Release|Any CPU = Release|Any CPU
	EndGlobalSection
	GlobalSection(ProjectConfigurationPlatforms) = postSolution
		{F88BEC43-DD9B-4B25-9678-AF09BA3760BE}.Debug|Any CPU.ActiveCfg = Debug|Any CPU
		{F88BEC43-DD9B-4B25-9678-AF09BA3760BE}.Debug|Any CPU.Build.0 = Debug|Any CPU
		{F88BEC43-DD9B-4B25-9678-AF09BA3760BE}.Release|Any CPU.ActiveCfg = Release|Any CPU
		{F88BEC43-DD9B-4B25-9678-AF09BA3760BE}.Release|Any CPU.Build.0 = Release|Any CPU
	EndGlobalSection
	GlobalSection(SolutionProperties) = preSolution
		HideSolutionNode = FALSE
	EndGlobalSection
	GlobalSection(ExtensibilityGlobals) = postSolution
		SolutionGuid = {81BB834D-A49E-44A7-824A-E774E64253E6}
	EndGlobalSection
EndGlobal
